
Microsoft Visual Studio Solution File, Format Version 12.00
# Visual Studio Version 16
VisualStudioVersion = 16.0.30104.148
MinimumVisualStudioVersion = 10.0.40219.1
Project("{FAE04EC0-301F-11D3-BF4B-00C04F79EFBC}") = "REFVG", "REFVG\REFVG.csproj", "{AD7FE0FD-CBDC-4303-BD08-DC473593D6A6}"
EndProject
Global
	GlobalSection(SolutionConfigurationPlatforms) = preSolution
		Debug|Any CPU = Debug|Any CPU
		Release|Any CPU = Release|Any CPU
	EndGlobalSection
	GlobalSection(ProjectConfigurationPlatforms) = postSolution
		{AD7FE0FD-CBDC-4303-BD08-DC473593D6A6}.Debug|Any CPU.ActiveCfg = Debug|Any CPU
		{AD7FE0FD-CBDC-4303-BD08-DC473593D6A6}.Debug|Any CPU.Build.0 = Debug|Any CPU
		{AD7FE0FD-CBDC-4303-BD08-DC473593D6A6}.Release|Any CPU.ActiveCfg = Release|Any CPU
		{AD7FE0FD-CBDC-4303-BD08-DC473593D6A6}.Release|Any CPU.Build.0 = Release|Any CPU
	EndGlobalSection
	GlobalSection(SolutionProperties) = preSolution
		HideSolutionNode = FALSE
	EndGlobalSection
	GlobalSection(ExtensibilityGlobals) = postSolution
		SolutionGuid = {1D39B925-6AF2-4098-AF20-3EB34B4EA7FB}
	EndGlobalSection
EndGlobal
